<?xml version="1.0" encoding="utf-8"?>
<Project ToolsVersion="4.0" xmlns="http://schemas.microsoft.com/developer/msbuild/2003">
  <ItemGroup>
    <Filter Include="imgui">
      <UniqueIdentifier>{20b90ce4-7fcb-4731-b9a0-075f875de82d}</UniqueIdentifier>
    </Filter>
    <Filter Include="Headers">
      <UniqueIdentifier>{e6f91e9b-40ca-426b-8dc3-d687630bb1b2}</UniqueIdentifier>
    </Filter>
    <Filter Include="ImguiSources">
      <UniqueIdentifier>{f18ab499-84e1-499f-8eff-9754361e0e52}</UniqueIdentifier>
      <Extensions>cpp;c;cc;cxx;def;odl;idl;hpj;bat;asm;asmx</Extensions>
    </Filter>
    <Filter Include="Src">
      <UniqueIdentifier>{b8f2a9d7-292f-4105-b31a-85b0a5f12e95}</UniqueIdentifier>
    </Filter>
  </ItemGroup>
  <ItemGroup>
    <ClCompile Include="main.cpp">
      <Filter>ImguiSources</Filter>
    </ClCompile>
    <ClCompile Include="libs\imgui\imgui.cpp">
      <Filter>imgui</Filter>
    </ClCompile>
    <ClCompile Include="libs\imgui\imgui_demo.cpp">
      <Filter>imgui</Filter>
    </ClCompile>
    <ClCompile Include="libs\imgui\imgui_draw.cpp">
      <Filter>imgui</Filter>
    </ClCompile>
    <ClCompile Include="libs\imgui\imgui_tables.cpp">
      <Filter>imgui</Filter>
    </ClCompile>
    <ClCompile Include="libs\imgui\imgui_widgets.cpp">
      <Filter>imgui</Filter>
    </ClCompile>
    <ClCompile Include="libs\imgui\backends\imgui_impl_glfw.cpp">
      <Filter>ImguiSources</Filter>
    </ClCompile>
    <ClCompile Include="libs\imgui\backends\imgui_impl_opengl3.cpp">
      <Filter>ImguiSources</Filter>
    </ClCompile>
    <ClCompile Include="Application.cpp">
      <Filter>Src</Filter>
    </ClCompile>
    <ClCompile Include="AppRuntime.cpp">
      <Filter>Src</Filter>
    </ClCompile>
    <ClCompile Include="Page_HomePage.cpp">
      <Filter>Src</Filter>
    </ClCompile>
    <ClCompile Include="Page_HeightmapPage.cpp">
      <Filter>Src</Filter>
    </ClCompile>
  </ItemGroup>
  <ItemGroup>
    <ClInclude Include="libs\imgui\imconfig.h">
      <Filter>imgui</Filter>
    </ClInclude>
    <ClInclude Include="libs\imgui\imgui.h">
      <Filter>imgui</Filter>
    </ClInclude>
    <ClInclude Include="libs\imgui\imgui_internal.h">
      <Filter>imgui</Filter>
    </ClInclude>
    <ClInclude Include="libs\imgui\backends\imgui_impl_glfw.h">
      <Filter>ImguiSources</Filter>
    </ClInclude>
    <ClInclude Include="libs\imgui\backends\imgui_impl_opengl3.h">
      <Filter>ImguiSources</Filter>
    </ClInclude>
    <ClInclude Include="libs\imgui\backends\imgui_impl_opengl3_loader.h">
      <Filter>ImguiSources</Filter>
    </ClInclude>
    <ClInclude Include="Application.h">
      <Filter>Headers</Filter>
    </ClInclude>
    <ClInclude Include="AppRuntime.h">
      <Filter>Headers</Filter>
    </ClInclude>
    <ClInclude Include="Abstract_Page.h">
      <Filter>Headers</Filter>
    </ClInclude>
    <ClInclude Include="Page_HeightmapPage.h">
      <Filter>Headers</Filter>
    </ClInclude>
  </ItemGroup>
</Project>